{
  "nodes": {
    "nixpkgs": {
      "locked": {
        "lastModified": 1756082291,
        "narHash": "sha256-ucwIcezCLOGpMDVSUpp6fG6Pju+1ZtJAqzxO9gaUoDQ=",
        "owner": "nixos",
        "repo": "nixpkgs",
        "rev": "434576cbd5f669de9ccbf4472743a8ba90049484",
        "type": "github"
      },
      "original": {
        "owner": "nixos",
        "repo": "nixpkgs",
        "type": "github"
      }
    },
    "root": {
      "inputs": {
        "nixpkgs": "nixpkgs"
      }
    }
  },
  "root": "root",
  "version": 7
}
